{
  "version": 4,
  "terraform_version": "1.9.8",
  "serial": 87,
  "lineage": "8dc82a12-85fd-1d57-ab63-25990b061da6",
  "outputs": {
    "s3_bucket_id": {
      "value": "admin-console452303021915",
      "type": "string"
    }
  },
  "resources": [
    {
      "mode": "data",
      "type": "aws_caller_identity",
      "name": "current",
      "provider": "provider[\"registry.terraform.io/hashicorp/aws\"]",
      "instances": [
        {
          "schema_version": 0,
          "attributes": {
            "account_id": "452303021915",
            "arn": "arn:aws:iam::452303021915:user/cloud_user",
            "id": "452303021915",
            "user_id": "AIDAWST24M5NZKQJBWVSE"
          },
          "sensitive_attributes": []
        }
      ]
    },
    {
      "mode": "data",
      "type": "aws_iam_policy_document",
      "name": "quick_sight_admin_console_policy_document",
      "provider": "provider[\"registry.terraform.io/hashicorp/aws\"]",
      "instances": [
        {
          "schema_version": 0,
          "attributes": {
            "id": "420915021",
            "json": "{\n  \"Version\": \"2012-10-17\",\n  \"Statement\": [\n    {\n      \"Sid\": \"BasePermissions\",\n      \"Effect\": \"Allow\",\n      \"Action\": [\n        \"sts:GetCallerIdentity\",\n        \"sts:AssumeRole\",\n        \"ssm:GetParametersByPath\",\n        \"ssm:GetParameters\",\n        \"ssm:GetParameter\",\n        \"s3:PutObject\",\n        \"s3:ListBucket\",\n        \"s3:ListAllMyBuckets\",\n        \"s3:HeadBucket\",\n        \"s3:GetObjectVersionForReplication\",\n        \"s3:GetObjectVersion\",\n        \"s3:GetObject\",\n        \"s3:GetBucketPolicy\",\n        \"quicksight:SearchDashboards\",\n        \"quicksight:SearchAnalyses\",\n        \"quicksight:PassDataSource\",\n        \"quicksight:PassDataSet\",\n        \"quicksight:ListUsers\",\n        \"quicksight:ListUserGroups\",\n        \"quicksight:ListThemes\",\n        \"quicksight:ListThemeVersions\",\n        \"quicksight:ListThemeAliases\",\n        \"quicksight:ListNamespaces\",\n        \"quicksight:ListIngestions\",\n        \"quicksight:ListGroups\",\n        \"quicksight:ListGroupMemberships\",\n        \"quicksight:ListDataSources\",\n        \"quicksight:ListDataSets\",\n        \"quicksight:ListDashboards\",\n        \"quicksight:ListDashboardVersions\",\n        \"quicksight:ListAnalyses\",\n        \"quicksight:GetGroupMapping\",\n        \"quicksight:GetAuthCode\",\n        \"quicksight:DescribeUser\",\n        \"quicksight:DescribeThemePermissions\",\n        \"quicksight:DescribeThemeAlias\",\n        \"quicksight:DescribeTheme\",\n        \"quicksight:DescribeNamespace\",\n        \"quicksight:DescribeIngestion\",\n        \"quicksight:DescribeGroup\",\n        \"quicksight:DescribeDataSourcePermissions\",\n        \"quicksight:DescribeDataSource\",\n        \"quicksight:DescribeDataSetPermissions\",\n        \"quicksight:DescribeDataSet\",\n        \"quicksight:DescribeDashboardPermissions\",\n        \"quicksight:DescribeDashboard\",\n        \"quicksight:DescribeAnalysisPermissions\",\n        \"quicksight:DescribeAnalysis\",\n        \"logs:PutLogEvents\",\n        \"logs:CreateLogStream\",\n        \"logs:CreateLogGroup\",\n        \"lambda:InvokeFunction\",\n        \"cloudwatch:PutMetricData\"\n      ],\n      \"Resource\": \"*\"\n    }\n  ]\n}",
            "minified_json": "{\"Version\":\"2012-10-17\",\"Statement\":[{\"Sid\":\"BasePermissions\",\"Effect\":\"Allow\",\"Action\":[\"sts:GetCallerIdentity\",\"sts:AssumeRole\",\"ssm:GetParametersByPath\",\"ssm:GetParameters\",\"ssm:GetParameter\",\"s3:PutObject\",\"s3:ListBucket\",\"s3:ListAllMyBuckets\",\"s3:HeadBucket\",\"s3:GetObjectVersionForReplication\",\"s3:GetObjectVersion\",\"s3:GetObject\",\"s3:GetBucketPolicy\",\"quicksight:SearchDashboards\",\"quicksight:SearchAnalyses\",\"quicksight:PassDataSource\",\"quicksight:PassDataSet\",\"quicksight:ListUsers\",\"quicksight:ListUserGroups\",\"quicksight:ListThemes\",\"quicksight:ListThemeVersions\",\"quicksight:ListThemeAliases\",\"quicksight:ListNamespaces\",\"quicksight:ListIngestions\",\"quicksight:ListGroups\",\"quicksight:ListGroupMemberships\",\"quicksight:ListDataSources\",\"quicksight:ListDataSets\",\"quicksight:ListDashboards\",\"quicksight:ListDashboardVersions\",\"quicksight:ListAnalyses\",\"quicksight:GetGroupMapping\",\"quicksight:GetAuthCode\",\"quicksight:DescribeUser\",\"quicksight:DescribeThemePermissions\",\"quicksight:DescribeThemeAlias\",\"quicksight:DescribeTheme\",\"quicksight:DescribeNamespace\",\"quicksight:DescribeIngestion\",\"quicksight:DescribeGroup\",\"quicksight:DescribeDataSourcePermissions\",\"quicksight:DescribeDataSource\",\"quicksight:DescribeDataSetPermissions\",\"quicksight:DescribeDataSet\",\"quicksight:DescribeDashboardPermissions\",\"quicksight:DescribeDashboard\",\"quicksight:DescribeAnalysisPermissions\",\"quicksight:DescribeAnalysis\",\"logs:PutLogEvents\",\"logs:CreateLogStream\",\"logs:CreateLogGroup\",\"lambda:InvokeFunction\",\"cloudwatch:PutMetricData\"],\"Resource\":\"*\"}]}",
            "override_json": null,
            "override_policy_documents": null,
            "policy_id": null,
            "source_json": null,
            "source_policy_documents": null,
            "statement": [
              {
                "actions": [
                  "cloudwatch:PutMetricData",
                  "lambda:InvokeFunction",
                  "logs:CreateLogGroup",
                  "logs:CreateLogStream",
                  "logs:PutLogEvents",
                  "quicksight:DescribeAnalysis",
                  "quicksight:DescribeAnalysisPermissions",
                  "quicksight:DescribeDashboard",
                  "quicksight:DescribeDashboardPermissions",
                  "quicksight:DescribeDataSet",
                  "quicksight:DescribeDataSetPermissions",
                  "quicksight:DescribeDataSource",
                  "quicksight:DescribeDataSourcePermissions",
                  "quicksight:DescribeGroup",
                  "quicksight:DescribeIngestion",
                  "quicksight:DescribeNamespace",
                  "quicksight:DescribeTheme",
                  "quicksight:DescribeThemeAlias",
                  "quicksight:DescribeThemePermissions",
                  "quicksight:DescribeUser",
                  "quicksight:GetAuthCode",
                  "quicksight:GetGroupMapping",
                  "quicksight:ListAnalyses",
                  "quicksight:ListDashboardVersions",
                  "quicksight:ListDashboards",
                  "quicksight:ListDataSets",
                  "quicksight:ListDataSources",
                  "quicksight:ListGroupMemberships",
                  "quicksight:ListGroups",
                  "quicksight:ListIngestions",
                  "quicksight:ListNamespaces",
                  "quicksight:ListThemeAliases",
                  "quicksight:ListThemeVersions",
                  "quicksight:ListThemes",
                  "quicksight:ListUserGroups",
                  "quicksight:ListUsers",
                  "quicksight:PassDataSet",
                  "quicksight:PassDataSource",
                  "quicksight:SearchAnalyses",
                  "quicksight:SearchDashboards",
                  "s3:GetBucketPolicy",
                  "s3:GetObject",
                  "s3:GetObjectVersion",
                  "s3:GetObjectVersionForReplication",
                  "s3:HeadBucket",
                  "s3:ListAllMyBuckets",
                  "s3:ListBucket",
                  "s3:PutObject",
                  "ssm:GetParameter",
                  "ssm:GetParameters",
                  "ssm:GetParametersByPath",
                  "sts:AssumeRole",
                  "sts:GetCallerIdentity"
                ],
                "condition": [],
                "effect": "Allow",
                "not_actions": [],
                "not_principals": [],
                "not_resources": [],
                "principals": [],
                "resources": [
                  "*"
                ],
                "sid": "BasePermissions"
              }
            ],
            "version": "2012-10-17"
          },
          "sensitive_attributes": []
        }
      ]
    },
    {
      "mode": "managed",
      "type": "aws_cloudwatch_event_rule",
      "name": "adminconsolehourlyschedule",
      "provider": "provider[\"registry.terraform.io/hashicorp/aws\"]",
      "instances": [
        {
          "schema_version": 1,
          "attributes": {
            "arn": "arn:aws:events:us-east-1:452303021915:rule/admin-console-every-hour",
            "description": "CloudWatch rule to run lambda every hour",
            "event_bus_name": "default",
            "event_pattern": null,
            "force_destroy": false,
            "id": "admin-console-every-hour",
            "is_enabled": true,
            "name": "admin-console-every-hour",
            "name_prefix": "",
            "role_arn": "",
            "schedule_expression": "cron(0 * * * ? *)",
            "state": "ENABLED",
            "tags": null,
            "tags_all": {}
          },
          "sensitive_attributes": [],
          "private": "eyJzY2hlbWFfdmVyc2lvbiI6IjEifQ=="
        }
      ]
    },
    {
      "mode": "managed",
      "type": "aws_cloudwatch_event_target",
      "name": "check_adminconsolehourlyschedule",
      "provider": "provider[\"registry.terraform.io/hashicorp/aws\"]",
      "instances": [
        {
          "schema_version": 1,
          "attributes": {
            "appsync_target": [],
            "arn": "arn:aws:lambda:us-east-1:452303021915:function:data_prepare",
            "batch_target": [],
            "dead_letter_config": [],
            "ecs_target": [],
            "event_bus_name": "default",
            "force_destroy": false,
            "http_target": [],
            "id": "admin-console-every-hour-adminconsoledataprepare",
            "input": "",
            "input_path": "",
            "input_transformer": [],
            "kinesis_target": [],
            "redshift_target": [],
            "retry_policy": [],
            "role_arn": "",
            "rule": "admin-console-every-hour",
            "run_command_targets": [],
            "sagemaker_pipeline_target": [],
            "sqs_target": [],
            "target_id": "adminconsoledataprepare"
          },
          "sensitive_attributes": [],
          "private": "eyJzY2hlbWFfdmVyc2lvbiI6IjEifQ==",
          "dependencies": [
            "aws_cloudwatch_event_rule.adminconsolehourlyschedule",
            "aws_iam_role.quick_sight_admin_console",
            "aws_lambda_function.adminconsoledataprepare"
          ]
        }
      ]
    },
    {
      "mode": "managed",
      "type": "aws_iam_policy",
      "name": "quick_sight_admin_console_policy",
      "provider": "provider[\"registry.terraform.io/hashicorp/aws\"]",
      "instances": [
        {
          "schema_version": 0,
          "attributes": {
            "arn": "arn:aws:iam::452303021915:policy/QuickSight-AdminConsolePolicy",
            "attachment_count": 0,
            "description": "Allow access to ssm, lambda, log, qs, s3 and sts",
            "id": "arn:aws:iam::452303021915:policy/QuickSight-AdminConsolePolicy",
            "name": "QuickSight-AdminConsolePolicy",
            "name_prefix": "",
            "path": "/",
            "policy": "{\"Statement\":[{\"Action\":[\"sts:GetCallerIdentity\",\"sts:AssumeRole\",\"ssm:GetParametersByPath\",\"ssm:GetParameters\",\"ssm:GetParameter\",\"s3:PutObject\",\"s3:ListBucket\",\"s3:ListAllMyBuckets\",\"s3:HeadBucket\",\"s3:GetObjectVersionForReplication\",\"s3:GetObjectVersion\",\"s3:GetObject\",\"s3:GetBucketPolicy\",\"quicksight:SearchDashboards\",\"quicksight:SearchAnalyses\",\"quicksight:PassDataSource\",\"quicksight:PassDataSet\",\"quicksight:ListUsers\",\"quicksight:ListUserGroups\",\"quicksight:ListThemes\",\"quicksight:ListThemeVersions\",\"quicksight:ListThemeAliases\",\"quicksight:ListNamespaces\",\"quicksight:ListIngestions\",\"quicksight:ListGroups\",\"quicksight:ListGroupMemberships\",\"quicksight:ListDataSources\",\"quicksight:ListDataSets\",\"quicksight:ListDashboards\",\"quicksight:ListDashboardVersions\",\"quicksight:ListAnalyses\",\"quicksight:GetGroupMapping\",\"quicksight:GetAuthCode\",\"quicksight:DescribeUser\",\"quicksight:DescribeThemePermissions\",\"quicksight:DescribeThemeAlias\",\"quicksight:DescribeTheme\",\"quicksight:DescribeNamespace\",\"quicksight:DescribeIngestion\",\"quicksight:DescribeGroup\",\"quicksight:DescribeDataSourcePermissions\",\"quicksight:DescribeDataSource\",\"quicksight:DescribeDataSetPermissions\",\"quicksight:DescribeDataSet\",\"quicksight:DescribeDashboardPermissions\",\"quicksight:DescribeDashboard\",\"quicksight:DescribeAnalysisPermissions\",\"quicksight:DescribeAnalysis\",\"logs:PutLogEvents\",\"logs:CreateLogStream\",\"logs:CreateLogGroup\",\"lambda:InvokeFunction\",\"cloudwatch:PutMetricData\"],\"Effect\":\"Allow\",\"Resource\":\"*\",\"Sid\":\"BasePermissions\"}],\"Version\":\"2012-10-17\"}",
            "policy_id": "ANPAWST24M5NV4OHWX2DQ",
            "tags": {},
            "tags_all": {}
          },
          "sensitive_attributes": [],
          "private": "bnVsbA==",
          "dependencies": [
            "data.aws_iam_policy_document.quick_sight_admin_console_policy_document"
          ]
        }
      ]
    },
    {
      "mode": "managed",
      "type": "aws_iam_policy_attachment",
      "name": "quick_sight_attachment",
      "provider": "provider[\"registry.terraform.io/hashicorp/aws\"]",
      "instances": [
        {
          "schema_version": 0,
          "attributes": {
            "groups": null,
            "id": "QuickSight-AdminConsolePolicyAttachment",
            "name": "QuickSight-AdminConsolePolicyAttachment",
            "policy_arn": "arn:aws:iam::452303021915:policy/QuickSight-AdminConsolePolicy",
            "roles": [
              "QuickSightAdminConsole"
            ],
            "users": null
          },
          "sensitive_attributes": [],
          "private": "bnVsbA==",
          "dependencies": [
            "aws_iam_policy.quick_sight_admin_console_policy",
            "aws_iam_role.quick_sight_admin_console",
            "data.aws_iam_policy_document.quick_sight_admin_console_policy_document"
          ]
        }
      ]
    },
    {
      "mode": "managed",
      "type": "aws_iam_role",
      "name": "quick_sight_admin_console",
      "provider": "provider[\"registry.terraform.io/hashicorp/aws\"]",
      "instances": [
        {
          "schema_version": 0,
          "attributes": {
            "arn": "arn:aws:iam::452303021915:role/QuickSightAdminConsole",
            "assume_role_policy": "{\"Statement\":[{\"Action\":\"sts:AssumeRole\",\"Effect\":\"Allow\",\"Principal\":{\"Service\":[\"lambda.amazonaws.com\"]}}],\"Version\":\"2008-10-17\"}",
            "create_date": "2024-11-15T09:29:04Z",
            "description": "",
            "force_detach_policies": false,
            "id": "QuickSightAdminConsole",
            "inline_policy": [],
            "managed_policy_arns": [],
            "max_session_duration": 3600,
            "name": "QuickSightAdminConsole",
            "name_prefix": "",
            "path": "/",
            "permissions_boundary": "",
            "tags": null,
            "tags_all": {},
            "unique_id": "AROAWST24M5NZ64TNDSST"
          },
          "sensitive_attributes": [],
          "private": "bnVsbA=="
        }
      ]
    },
    {
      "mode": "managed",
      "type": "aws_lambda_function",
      "name": "adminconsoledataprepare",
      "provider": "provider[\"registry.terraform.io/hashicorp/aws\"]",
      "instances": [
        {
          "schema_version": 0,
          "attributes": {
            "architectures": [
              "x86_64"
            ],
            "arn": "arn:aws:lambda:us-east-1:452303021915:function:data_prepare",
            "code_sha256": "j0Q/V+MP07yLlMuR39sFFapsIaYKO08abWrlFSaRSFc=",
            "code_signing_config_arn": "",
            "dead_letter_config": [],
            "description": "admin console dataprepare lambda function",
            "environment": [
              {
                "variables": {
                  "aws_region": "us-east-1"
                }
              }
            ],
            "ephemeral_storage": [
              {
                "size": 512
              }
            ],
            "file_system_config": [],
            "filename": "data_prepare.zip",
            "function_name": "data_prepare",
            "handler": "data_prepare.lambda_handler",
            "id": "data_prepare",
            "image_config": [],
            "image_uri": "",
            "invoke_arn": "arn:aws:apigateway:us-east-1:lambda:path/2015-03-31/functions/arn:aws:lambda:us-east-1:452303021915:function:data_prepare/invocations",
            "kms_key_arn": "",
            "last_modified": "2024-11-15T09:29:14.160+0000",
            "layers": null,
            "logging_config": [
              {
                "application_log_level": "",
                "log_format": "Text",
                "log_group": "/aws/lambda/data_prepare",
                "system_log_level": ""
              }
            ],
            "memory_size": 512,
            "package_type": "Zip",
            "publish": false,
            "qualified_arn": "arn:aws:lambda:us-east-1:452303021915:function:data_prepare:$LATEST",
            "qualified_invoke_arn": "arn:aws:apigateway:us-east-1:lambda:path/2015-03-31/functions/arn:aws:lambda:us-east-1:452303021915:function:data_prepare:$LATEST/invocations",
            "replace_security_groups_on_destroy": null,
            "replacement_security_group_ids": null,
            "reserved_concurrent_executions": -1,
            "role": "arn:aws:iam::452303021915:role/QuickSightAdminConsole",
            "runtime": "python3.9",
            "s3_bucket": null,
            "s3_key": null,
            "s3_object_version": null,
            "signing_job_arn": "",
            "signing_profile_version_arn": "",
            "skip_destroy": false,
            "snap_start": [],
            "source_code_hash": "j0Q/V+MP07yLlMuR39sFFapsIaYKO08abWrlFSaRSFc=",
            "source_code_size": 2698,
            "tags": null,
            "tags_all": {},
            "timeout": 900,
            "timeouts": null,
            "tracing_config": [
              {
                "mode": "PassThrough"
              }
            ],
            "version": "$LATEST",
            "vpc_config": []
          },
          "sensitive_attributes": [],
          "private": "eyJlMmJmYjczMC1lY2FhLTExZTYtOGY4OC0zNDM2M2JjN2M0YzAiOnsiY3JlYXRlIjo2MDAwMDAwMDAwMDAsImRlbGV0ZSI6NjAwMDAwMDAwMDAwLCJ1cGRhdGUiOjYwMDAwMDAwMDAwMH19",
          "dependencies": [
            "aws_iam_role.quick_sight_admin_console"
          ]
        }
      ]
    },
    {
      "mode": "managed",
      "type": "aws_lambda_permission",
      "name": "adminconsolehourlyscheduledataprepare",
      "provider": "provider[\"registry.terraform.io/hashicorp/aws\"]",
      "instances": [
        {
          "schema_version": 0,
          "attributes": {
            "action": "lambda:InvokeFunction",
            "event_source_token": null,
            "function_name": "arn:aws:lambda:us-east-1:452303021915:function:data_prepare",
            "function_url_auth_type": null,
            "id": "terraform-20241115092920638600000001",
            "principal": "events.amazonaws.com",
            "principal_org_id": null,
            "qualifier": "",
            "source_account": null,
            "source_arn": "arn:aws:events:us-east-1:452303021915:rule/admin-console-every-hour",
            "statement_id": "terraform-20241115092920638600000001",
            "statement_id_prefix": "terraform-"
          },
          "sensitive_attributes": [],
          "private": "bnVsbA==",
          "dependencies": [
            "aws_cloudwatch_event_rule.adminconsolehourlyschedule",
            "aws_iam_role.quick_sight_admin_console",
            "aws_lambda_function.adminconsoledataprepare"
          ]
        }
      ]
    },
    {
      "mode": "managed",
      "type": "aws_lambda_permission",
      "name": "allow_cloudwatch_to_call_adminconsoledataprepare",
      "provider": "provider[\"registry.terraform.io/hashicorp/aws\"]",
      "instances": [
        {
          "schema_version": 0,
          "attributes": {
            "action": "lambda:InvokeFunction",
            "event_source_token": null,
            "function_name": "data_prepare",
            "function_url_auth_type": null,
            "id": "AllowExecutionFromCloudWatch",
            "principal": "events.amazonaws.com",
            "principal_org_id": null,
            "qualifier": "",
            "source_account": null,
            "source_arn": "arn:aws:events:us-east-1:452303021915:rule/admin-console-every-hour",
            "statement_id": "AllowExecutionFromCloudWatch",
            "statement_id_prefix": ""
          },
          "sensitive_attributes": [],
          "private": "bnVsbA==",
          "dependencies": [
            "aws_cloudwatch_event_rule.adminconsolehourlyschedule",
            "aws_iam_role.quick_sight_admin_console",
            "aws_lambda_function.adminconsoledataprepare"
          ]
        }
      ]
    },
    {
      "module": "module.adminconsole_bucket",
      "mode": "data",
      "type": "aws_caller_identity",
      "name": "current",
      "provider": "provider[\"registry.terraform.io/hashicorp/aws\"]",
      "instances": [
        {
          "schema_version": 0,
          "attributes": {
            "account_id": "452303021915",
            "arn": "arn:aws:iam::452303021915:user/cloud_user",
            "id": "452303021915",
            "user_id": "AIDAWST24M5NZKQJBWVSE"
          },
          "sensitive_attributes": []
        }
      ]
    },
    {
      "module": "module.adminconsole_bucket",
      "mode": "data",
      "type": "aws_iam_policy_document",
      "name": "combined",
      "provider": "provider[\"registry.terraform.io/hashicorp/aws\"]",
      "instances": [
        {
          "index_key": 0,
          "schema_version": 0,
          "attributes": {
            "id": "35402733",
            "json": "{\n  \"Version\": \"2012-10-17\",\n  \"Statement\": [\n    {\n      \"Sid\": \"denyOutdatedTLS\",\n      \"Effect\": \"Deny\",\n      \"Action\": \"s3:*\",\n      \"Resource\": [\n        \"arn:aws:s3:::admin-console452303021915/*\",\n        \"arn:aws:s3:::admin-console452303021915\"\n      ],\n      \"Principal\": \"*\",\n      \"Condition\": {\n        \"NumericLessThan\": {\n          \"s3:TlsVersion\": \"1.2\"\n        }\n      }\n    },\n    {\n      \"Sid\": \"denyInsecureTransport\",\n      \"Effect\": \"Deny\",\n      \"Action\": \"s3:*\",\n      \"Resource\": [\n        \"arn:aws:s3:::admin-console452303021915/*\",\n        \"arn:aws:s3:::admin-console452303021915\"\n      ],\n      \"Principal\": \"*\",\n      \"Condition\": {\n        \"Bool\": {\n          \"aws:SecureTransport\": \"false\"\n        }\n      }\n    }\n  ]\n}",
            "minified_json": "{\"Version\":\"2012-10-17\",\"Statement\":[{\"Sid\":\"denyOutdatedTLS\",\"Effect\":\"Deny\",\"Action\":\"s3:*\",\"Resource\":[\"arn:aws:s3:::admin-console452303021915/*\",\"arn:aws:s3:::admin-console452303021915\"],\"Principal\":\"*\",\"Condition\":{\"NumericLessThan\":{\"s3:TlsVersion\":\"1.2\"}}},{\"Sid\":\"denyInsecureTransport\",\"Effect\":\"Deny\",\"Action\":\"s3:*\",\"Resource\":[\"arn:aws:s3:::admin-console452303021915/*\",\"arn:aws:s3:::admin-console452303021915\"],\"Principal\":\"*\",\"Condition\":{\"Bool\":{\"aws:SecureTransport\":\"false\"}}}]}",
            "override_json": null,
            "override_policy_documents": null,
            "policy_id": null,
            "source_json": null,
            "source_policy_documents": [
              "{\n  \"Version\": \"2012-10-17\",\n  \"Statement\": [\n    {\n      \"Sid\": \"denyOutdatedTLS\",\n      \"Effect\": \"Deny\",\n      \"Action\": \"s3:*\",\n      \"Resource\": [\n        \"arn:aws:s3:::admin-console452303021915/*\",\n        \"arn:aws:s3:::admin-console452303021915\"\n      ],\n      \"Principal\": \"*\",\n      \"Condition\": {\n        \"NumericLessThan\": {\n          \"s3:TlsVersion\": \"1.2\"\n        }\n      }\n    }\n  ]\n}",
              "{\n  \"Version\": \"2012-10-17\",\n  \"Statement\": [\n    {\n      \"Sid\": \"denyInsecureTransport\",\n      \"Effect\": \"Deny\",\n      \"Action\": \"s3:*\",\n      \"Resource\": [\n        \"arn:aws:s3:::admin-console452303021915/*\",\n        \"arn:aws:s3:::admin-console452303021915\"\n      ],\n      \"Principal\": \"*\",\n      \"Condition\": {\n        \"Bool\": {\n          \"aws:SecureTransport\": \"false\"\n        }\n      }\n    }\n  ]\n}"
            ],
            "statement": null,
            "version": "2012-10-17"
          },
          "sensitive_attributes": []
        }
      ]
    },
    {
      "module": "module.adminconsole_bucket",
      "mode": "data",
      "type": "aws_iam_policy_document",
      "name": "deny_insecure_transport",
      "provider": "provider[\"registry.terraform.io/hashicorp/aws\"]",
      "instances": [
        {
          "index_key": 0,
          "schema_version": 0,
          "attributes": {
            "id": "1471629514",
            "json": "{\n  \"Version\": \"2012-10-17\",\n  \"Statement\": [\n    {\n      \"Sid\": \"denyInsecureTransport\",\n      \"Effect\": \"Deny\",\n      \"Action\": \"s3:*\",\n      \"Resource\": [\n        \"arn:aws:s3:::admin-console452303021915/*\",\n        \"arn:aws:s3:::admin-console452303021915\"\n      ],\n      \"Principal\": \"*\",\n      \"Condition\": {\n        \"Bool\": {\n          \"aws:SecureTransport\": \"false\"\n        }\n      }\n    }\n  ]\n}",
            "minified_json": "{\"Version\":\"2012-10-17\",\"Statement\":[{\"Sid\":\"denyInsecureTransport\",\"Effect\":\"Deny\",\"Action\":\"s3:*\",\"Resource\":[\"arn:aws:s3:::admin-console452303021915/*\",\"arn:aws:s3:::admin-console452303021915\"],\"Principal\":\"*\",\"Condition\":{\"Bool\":{\"aws:SecureTransport\":\"false\"}}}]}",
            "override_json": null,
            "override_policy_documents": null,
            "policy_id": null,
            "source_json": null,
            "source_policy_documents": null,
            "statement": [
              {
                "actions": [
                  "s3:*"
                ],
                "condition": [
                  {
                    "test": "Bool",
                    "values": [
                      "false"
                    ],
                    "variable": "aws:SecureTransport"
                  }
                ],
                "effect": "Deny",
                "not_actions": [],
                "not_principals": [],
                "not_resources": [],
                "principals": [
                  {
                    "identifiers": [
                      "*"
                    ],
                    "type": "*"
                  }
                ],
                "resources": [
                  "arn:aws:s3:::admin-console452303021915",
                  "arn:aws:s3:::admin-console452303021915/*"
                ],
                "sid": "denyInsecureTransport"
              }
            ],
            "version": "2012-10-17"
          },
          "sensitive_attributes": []
        }
      ]
    },
    {
      "module": "module.adminconsole_bucket",
      "mode": "data",
      "type": "aws_iam_policy_document",
      "name": "require_latest_tls",
      "provider": "provider[\"registry.terraform.io/hashicorp/aws\"]",
      "instances": [
        {
          "index_key": 0,
          "schema_version": 0,
          "attributes": {
            "id": "1748915515",
            "json": "{\n  \"Version\": \"2012-10-17\",\n  \"Statement\": [\n    {\n      \"Sid\": \"denyOutdatedTLS\",\n      \"Effect\": \"Deny\",\n      \"Action\": \"s3:*\",\n      \"Resource\": [\n        \"arn:aws:s3:::admin-console452303021915/*\",\n        \"arn:aws:s3:::admin-console452303021915\"\n      ],\n      \"Principal\": \"*\",\n      \"Condition\": {\n        \"NumericLessThan\": {\n          \"s3:TlsVersion\": \"1.2\"\n        }\n      }\n    }\n  ]\n}",
            "minified_json": "{\"Version\":\"2012-10-17\",\"Statement\":[{\"Sid\":\"denyOutdatedTLS\",\"Effect\":\"Deny\",\"Action\":\"s3:*\",\"Resource\":[\"arn:aws:s3:::admin-console452303021915/*\",\"arn:aws:s3:::admin-console452303021915\"],\"Principal\":\"*\",\"Condition\":{\"NumericLessThan\":{\"s3:TlsVersion\":\"1.2\"}}}]}",
            "override_json": null,
            "override_policy_documents": null,
            "policy_id": null,
            "source_json": null,
            "source_policy_documents": null,
            "statement": [
              {
                "actions": [
                  "s3:*"
                ],
                "condition": [
                  {
                    "test": "NumericLessThan",
                    "values": [
                      "1.2"
                    ],
                    "variable": "s3:TlsVersion"
                  }
                ],
                "effect": "Deny",
                "not_actions": [],
                "not_principals": [],
                "not_resources": [],
                "principals": [
                  {
                    "identifiers": [
                      "*"
                    ],
                    "type": "*"
                  }
                ],
                "resources": [
                  "arn:aws:s3:::admin-console452303021915",
                  "arn:aws:s3:::admin-console452303021915/*"
                ],
                "sid": "denyOutdatedTLS"
              }
            ],
            "version": "2012-10-17"
          },
          "sensitive_attributes": []
        }
      ]
    },
    {
      "module": "module.adminconsole_bucket",
      "mode": "data",
      "type": "aws_partition",
      "name": "current",
      "provider": "provider[\"registry.terraform.io/hashicorp/aws\"]",
      "instances": [
        {
          "schema_version": 0,
          "attributes": {
            "dns_suffix": "amazonaws.com",
            "id": "aws",
            "partition": "aws",
            "reverse_dns_prefix": "com.amazonaws"
          },
          "sensitive_attributes": []
        }
      ]
    },
    {
      "module": "module.adminconsole_bucket",
      "mode": "data",
      "type": "aws_region",
      "name": "current",
      "provider": "provider[\"registry.terraform.io/hashicorp/aws\"]",
      "instances": [
        {
          "schema_version": 0,
          "attributes": {
            "description": "US East (N. Virginia)",
            "endpoint": "ec2.us-east-1.amazonaws.com",
            "id": "us-east-1",
            "name": "us-east-1"
          },
          "sensitive_attributes": []
        }
      ]
    },
    {
      "module": "module.adminconsole_bucket",
      "mode": "managed",
      "type": "aws_s3_bucket",
      "name": "this",
      "provider": "provider[\"registry.terraform.io/hashicorp/aws\"]",
      "instances": [
        {
          "index_key": 0,
          "schema_version": 0,
          "attributes": {
            "acceleration_status": "",
            "acl": null,
            "arn": "arn:aws:s3:::admin-console452303021915",
            "bucket": "admin-console452303021915",
            "bucket_domain_name": "admin-console452303021915.s3.amazonaws.com",
            "bucket_prefix": "",
            "bucket_regional_domain_name": "admin-console452303021915.s3.us-east-1.amazonaws.com",
            "cors_rule": [],
            "force_destroy": false,
            "grant": [
              {
                "id": "65df6d8263e5cc1e6c75e15d7ee39e3d35d1a38807c7b41c69df3a8a853842ed",
                "permissions": [
                  "FULL_CONTROL"
                ],
                "type": "CanonicalUser",
                "uri": ""
              }
            ],
            "hosted_zone_id": "Z3AQBSTGFYJSTF",
            "id": "admin-console452303021915",
            "lifecycle_rule": [],
            "logging": [],
            "object_lock_configuration": [],
            "object_lock_enabled": false,
            "policy": "",
            "region": "us-east-1",
            "replication_configuration": [],
            "request_payer": "BucketOwner",
            "server_side_encryption_configuration": [
              {
                "rule": [
                  {
                    "apply_server_side_encryption_by_default": [
                      {
                        "kms_master_key_id": "",
                        "sse_algorithm": "AES256"
                      }
                    ],
                    "bucket_key_enabled": false
                  }
                ]
              }
            ],
            "tags": null,
            "tags_all": {},
            "timeouts": null,
            "versioning": [
              {
                "enabled": false,
                "mfa_delete": false
              }
            ],
            "website": [],
            "website_domain": null,
            "website_endpoint": null
          },
          "sensitive_attributes": [],
          "private": "eyJlMmJmYjczMC1lY2FhLTExZTYtOGY4OC0zNDM2M2JjN2M0YzAiOnsiY3JlYXRlIjoxMjAwMDAwMDAwMDAwLCJkZWxldGUiOjM2MDAwMDAwMDAwMDAsInJlYWQiOjEyMDAwMDAwMDAwMDAsInVwZGF0ZSI6MTIwMDAwMDAwMDAwMH19",
          "dependencies": [
            "data.aws_caller_identity.current"
          ]
        }
      ]
    },
    {
      "module": "module.adminconsole_bucket",
      "mode": "managed",
      "type": "aws_s3_bucket_policy",
      "name": "this",
      "provider": "provider[\"registry.terraform.io/hashicorp/aws\"]",
      "instances": [
        {
          "index_key": 0,
          "schema_version": 0,
          "attributes": {
            "bucket": "admin-console452303021915",
            "id": "admin-console452303021915",
            "policy": "{\"Statement\":[{\"Action\":\"s3:*\",\"Condition\":{\"NumericLessThan\":{\"s3:TlsVersion\":\"1.2\"}},\"Effect\":\"Deny\",\"Principal\":\"*\",\"Resource\":[\"arn:aws:s3:::admin-console452303021915/*\",\"arn:aws:s3:::admin-console452303021915\"],\"Sid\":\"denyOutdatedTLS\"},{\"Action\":\"s3:*\",\"Condition\":{\"Bool\":{\"aws:SecureTransport\":\"false\"}},\"Effect\":\"Deny\",\"Principal\":\"*\",\"Resource\":[\"arn:aws:s3:::admin-console452303021915/*\",\"arn:aws:s3:::admin-console452303021915\"],\"Sid\":\"denyInsecureTransport\"}],\"Version\":\"2012-10-17\"}"
          },
          "sensitive_attributes": [],
          "private": "bnVsbA==",
          "dependencies": [
            "data.aws_caller_identity.current",
            "module.adminconsole_bucket.aws_s3_bucket.this",
            "module.adminconsole_bucket.aws_s3_bucket_public_access_block.this",
            "module.adminconsole_bucket.data.aws_caller_identity.current",
            "module.adminconsole_bucket.data.aws_iam_policy_document.access_log_delivery",
            "module.adminconsole_bucket.data.aws_iam_policy_document.combined",
            "module.adminconsole_bucket.data.aws_iam_policy_document.deny_incorrect_encryption_headers",
            "module.adminconsole_bucket.data.aws_iam_policy_document.deny_incorrect_kms_key_sse",
            "module.adminconsole_bucket.data.aws_iam_policy_document.deny_insecure_transport",
            "module.adminconsole_bucket.data.aws_iam_policy_document.deny_unencrypted_object_uploads",
            "module.adminconsole_bucket.data.aws_iam_policy_document.elb_log_delivery",
            "module.adminconsole_bucket.data.aws_iam_policy_document.inventory_and_analytics_destination_policy",
            "module.adminconsole_bucket.data.aws_iam_policy_document.lb_log_delivery",
            "module.adminconsole_bucket.data.aws_iam_policy_document.require_latest_tls",
            "module.adminconsole_bucket.data.aws_partition.current",
            "module.adminconsole_bucket.data.aws_region.current"
          ]
        }
      ]
    },
    {
      "module": "module.adminconsole_bucket",
      "mode": "managed",
      "type": "aws_s3_bucket_public_access_block",
      "name": "this",
      "provider": "provider[\"registry.terraform.io/hashicorp/aws\"]",
      "instances": [
        {
          "index_key": 0,
          "schema_version": 0,
          "attributes": {
            "block_public_acls": true,
            "block_public_policy": true,
            "bucket": "admin-console452303021915",
            "id": "admin-console452303021915",
            "ignore_public_acls": true,
            "restrict_public_buckets": true
          },
          "sensitive_attributes": [],
          "private": "bnVsbA==",
          "dependencies": [
            "data.aws_caller_identity.current",
            "module.adminconsole_bucket.aws_s3_bucket.this"
          ]
        }
      ]
    }
  ],
  "check_results": null
}
